// !$*UTF8*$!
{
	archiveVersion = 1;
	classes = {
	};
	objectVersion = 55;
	objects = {

/* Begin PBXBuildFile section */
		CCDEFDB128378D96006FB771 /* AppDelegate.swift in Sources */ = {isa = PBXBuildFile; fileRef = CCDEFDB028378D96006FB771 /* AppDelegate.swift */; };
		CCDEFDB328378D96006FB771 /* SceneDelegate.swift in Sources */ = {isa = PBXBuildFile; fileRef = CCDEFDB228378D96006FB771 /* SceneDelegate.swift */; };
		CCDEFDB528378D96006FB771 /* ViewController.swift in Sources */ = {isa = PBXBuildFile; fileRef = CCDEFDB428378D96006FB771 /* ViewController.swift */; };
		CCDEFDB828378D96006FB771 /* Main.storyboard in Resources */ = {isa = PBXBuildFile; fileRef = CCDEFDB628378D96006FB771 /* Main.storyboard */; };
		CCDEFDBA28378D97006FB771 /* Assets.xcassets in Resources */ = {isa = PBXBuildFile; fileRef = CCDEFDB928378D97006FB771 /* Assets.xcassets */; };
		CCDEFDBD28378D97006FB771 /* LaunchScreen.storyboard in Resources */ = {isa = PBXBuildFile; fileRef = CCDEFDBB28378D97006FB771 /* LaunchScreen.storyboard */; };
		CCDEFDC828378D97006FB771 /* iampoorTests.swift in Sources */ = {isa = PBXBuildFile; fileRef = CCDEFDC728378D97006FB771 /* iampoorTests.swift */; };
		CCDEFDD228378D97006FB771 /* iampoorUITests.swift in Sources */ = {isa = PBXBuildFile; fileRef = CCDEFDD128378D97006FB771 /* iampoorUITests.swift */; };
		CCDEFDD428378D97006FB771 /* iampoorUITestsLaunchTests.swift in Sources */ = {isa = PBXBuildFile; fileRef = CCDEFDD328378D97006FB771 /* iampoorUITestsLaunchTests.swift */; };
/* End PBXBuildFile section */

/* Begin PBXContainerItemProxy section */
		CCDEFDC428378D97006FB771 /* PBXContainerItemProxy */ = {
			isa = PBXContainerItemProxy;
			containerPortal = CCDEFDA528378D96006FB771 /* Project object */;
			proxyType = 1;
			remoteGlobalIDString = CCDEFDAC28378D96006FB771;
			remoteInfo = iampoor;
		};
		CCDEFDCE28378D97006FB771 /* PBXContainerItemProxy */ = {
			isa = PBXContainerItemProxy;
			containerPortal = CCDEFDA528378D96006FB771 /* Project object */;
			proxyType = 1;
			remoteGlobalIDString = CCDEFDAC28378D96006FB771;
			remoteInfo = iampoor;
		};
/* End PBXContainerItemProxy section */

/* Begin PBXFileReference section */
		CCDEFDAD28378D96006FB771 /* iampoor.app */ = {isa = PBXFileReference; explicitFileType = wrapper.application; includeInIndex = 0; path = iampoor.app; sourceTree = BUILT_PRODUCTS_DIR; };
		CCDEFDB028378D96006FB771 /* AppDelegate.swift */ = {isa = PBXFileReference; lastKnownFileType = sourcecode.swift; path = AppDelegate.swift; sourceTree = "<group>"; };
		CCDEFDB228378D96006FB771 /* SceneDelegate.swift */ = {isa = PBXFileReference; lastKnownFileType = sourcecode.swift; path = SceneDelegate.swift; sourceTree = "<group>"; };
		CCDEFDB428378D96006FB771 /* ViewController.swift */ = {isa = PBXFileReference; lastKnownFileType = sourcecode.swift; path = ViewController.swift; sourceTree = "<group>"; };
		CCDEFDB728378D96006FB771 /* Base */ = {isa = PBXFileReference; lastKnownFileType = file.storyboard; name = Base; path = Base.lproj/Main.storyboard; sourceTree = "<group>"; };
		CCDEFDB928378D97006FB771 /* Assets.xcassets */ = {isa = PBXFileReference; lastKnownFileType = folder.assetcatalog; path = Assets.xcassets; sourceTree = "<group>"; };
		CCDEFDBC28378D97006FB771 /* Base */ = {isa = PBXFileReference; lastKnownFileType = file.storyboard; name = Base; path = Base.lproj/LaunchScreen.storyboard; sourceTree = "<group>"; };
		CCDEFDBE28378D97006FB771 /* Info.plist */ = {isa = PBXFileReference; lastKnownFileType = text.plist.xml; path = Info.plist; sourceTree = "<group>"; };
		CCDEFDC328378D97006FB771 /* iampoorTests.xctest */ = {isa = PBXFileReference; explicitFileType = wrapper.cfbundle; includeInIndex = 0; path = iampoorTests.xctest; sourceTree = BUILT_PRODUCTS_DIR; };
		CCDEFDC728378D97006FB771 /* iampoorTests.swift */ = {isa = PBXFileReference; lastKnownFileType = sourcecode.swift; path = iampoorTests.swift; sourceTree = "<group>"; };
		CCDEFDCD28378D97006FB771 /* iampoorUITests.xctest */ = {isa = PBXFileReference; explicitFileType = wrapper.cfbundle; includeInIndex = 0; path = iampoorUITests.xctest; sourceTree = BUILT_PRODUCTS_DIR; };
		CCDEFDD128378D97006FB771 /* iampoorUITests.swift */ = {isa = PBXFileReference; lastKnownFileType = sourcecode.swift; path = iampoorUITests.swift; sourceTree = "<group>"; };
		CCDEFDD328378D97006FB771 /* iampoorUITestsLaunchTests.swift */ = {isa = PBXFileReference; lastKnownFileType = sourcecode.swift; path = iampoorUITestsLaunchTests.swift; sourceTree = "<group>"; };
/* End PBXFileReference section */

/* Begin PBXFrameworksBuildPhase section */
		CCDEFDAA28378D96006FB771 /* Frameworks */ = {
			isa = PBXFrameworksBuildPhase;
			buildActionMask = 2147483647;
			files = (
			);
			runOnlyForDeploymentPostprocessing = 0;
		};
		CCDEFDC028378D97006FB771 /* Frameworks */ = {
			isa = PBXFrameworksBuildPhase;
			buildActionMask = 2147483647;
			files = (
			);
			runOnlyForDeploymentPostprocessing = 0;
		};
		CCDEFDCA28378D97006FB771 /* Frameworks */ = {
			isa = PBXFrameworksBuildPhase;
			buildActionMask = 2147483647;
			files = (
			);
			runOnlyForDeploymentPostprocessing = 0;
		};
/* End PBXFrameworksBuildPhase section */

/* Begin PBXGroup section */
		CCDEFDA428378D96006FB771 = {
			isa = PBXGroup;
			children = (
				CCDEFDAF28378D96006FB771 /* iampoor */,
				CCDEFDC628378D97006FB771 /* iampoorTests */,
				CCDEFDD028378D97006FB771 /* iampoorUITests */,
				CCDEFDAE28378D96006FB771 /* Products */,
			);
			sourceTree = "<group>";
		};
		CCDEFDAE28378D96006FB771 /* Products */ = {
			isa = PBXGroup;
			children = (
				CCDEFDAD28378D96006FB771 /* iampoor.app */,
				CCDEFDC328378D97006FB771 /* iampoorTests.xctest */,
				CCDEFDCD28378D97006FB771 /* iampoorUITests.xctest */,
			);
			name = Products;
			sourceTree = "<group>";
		};
		CCDEFDAF28378D96006FB771 /* iampoor */ = {
			isa = PBXGroup;
			children = (
				CCDEFDB028378D96006FB771 /* AppDelegate.swift */,
				CCDEFDB228378D96006FB771 /* SceneDelegate.swift */,
				CCDEFDB428378D96006FB771 /* ViewController.swift */,
				CCDEFDB628378D96006FB771 /* Main.storyboard */,
				CCDEFDB928378D97006FB771 /* Assets.xcassets */,
				CCDEFDBB28378D97006FB771 /* LaunchScreen.storyboard */,
				CCDEFDBE28378D97006FB771 /* Info.plist */,
			);
			path = iampoor;
			sourceTree = "<group>";
		};
		CCDEFDC628378D97006FB771 /* iampoorTests */ = {
			isa = PBXGroup;
			children = (
				CCDEFDC728378D97006FB771 /* iampoorTests.swift */,
			);
			path = iampoorTests;
			sourceTree = "<group>";
		};
		CCDEFDD028378D97006FB771 /* iampoorUITests */ = {
			isa = PBXGroup;
			children = (
				CCDEFDD128378D97006FB771 /* iampoorUITests.swift */,
				CCDEFDD328378D97006FB771 /* iampoorUITestsLaunchTests.swift */,
			);
			path = iampoorUITests;
			sourceTree = "<group>";
		};
/* End PBXGroup section */

/* Begin PBXNativeTarget section */
		CCDEFDAC28378D96006FB771 /* iampoor */ = {
			isa = PBXNativeTarget;
			buildConfigurationList = CCDEFDD728378D97006FB771 /* Build configuration list for PBXNativeTarget "iampoor" */;
			buildPhases = (
				CCDEFDA928378D96006FB771 /* Sources */,
				CCDEFDAA28378D96006FB771 /* Frameworks */,
				CCDEFDAB28378D96006FB771 /* Resources */,
			);
			buildRules = (
			);
			dependencies = (
			);
			name = iampoor;
			productName = iampoor;
			productReference = CCDEFDAD28378D96006FB771 /* iampoor.app */;
			productType = "com.apple.product-type.application";
		};
		CCDEFDC228378D97006FB771 /* iampoorTests */ = {
			isa = PBXNativeTarget;
			buildConfigurationList = CCDEFDDA28378D97006FB771 /* Build configuration list for PBXNativeTarget "iampoorTests" */;
			buildPhases = (
				CCDEFDBF28378D97006FB771 /* Sources */,
				CCDEFDC028378D97006FB771 /* Frameworks */,
				CCDEFDC128378D97006FB771 /* Resources */,
			);
			buildRules = (
			);
			dependencies = (
				CCDEFDC528378D97006FB771 /* PBXTargetDependency */,
			);
			name = iampoorTests;
			productName = iampoorTests;
			productReference = CCDEFDC328378D97006FB771 /* iampoorTests.xctest */;
			productType = "com.apple.product-type.bundle.unit-test";
		};
		CCDEFDCC28378D97006FB771 /* iampoorUITests */ = {
			isa = PBXNativeTarget;
			buildConfigurationList = CCDEFDDD28378D97006FB771 /* Build configuration list for PBXNativeTarget "iampoorUITests" */;
			buildPhases = (
				CCDEFDC928378D97006FB771 /* Sources */,
				CCDEFDCA28378D97006FB771 /* Frameworks */,
				CCDEFDCB28378D97006FB771 /* Resources */,
			);
			buildRules = (
			);
			dependencies = (
				CCDEFDCF28378D97006FB771 /* PBXTargetDependency */,
			);
			name = iampoorUITests;
			productName = iampoorUITests;
			productReference = CCDEFDCD28378D97006FB771 /* iampoorUITests.xctest */;
			productType = "com.apple.product-type.bundle.ui-testing";
		};
/* End PBXNativeTarget section */

/* Begin PBXProject section */
		CCDEFDA528378D96006FB771 /* Project object */ = {
			isa = PBXProject;
			attributes = {
				BuildIndependentTargetsInParallel = 1;
				LastSwiftUpdateCheck = 1340;
				LastUpgradeCheck = 1340;
				TargetAttributes = {
					CCDEFDAC28378D96006FB771 = {
						CreatedOnToolsVersion = 13.4;
					};
					CCDEFDC228378D97006FB771 = {
						CreatedOnToolsVersion = 13.4;
						TestTargetID = CCDEFDAC28378D96006FB771;
					};
					CCDEFDCC28378D97006FB771 = {
						CreatedOnToolsVersion = 13.4;
						TestTargetID = CCDEFDAC28378D96006FB771;
					};
				};
			};
			buildConfigurationList = CCDEFDA828378D96006FB771 /* Build configuration list for PBXProject "iampoor" */;
			compatibilityVersion = "Xcode 13.0";
			developmentRegion = en;
			hasScannedForEncodings = 0;
			knownRegions = (
				en,
				Base,
			);
			mainGroup = CCDEFDA428378D96006FB771;
			productRefGroup = CCDEFDAE28378D96006FB771 /* Products */;
			projectDirPath = "";
			projectRoot = "";
			targets = (
				CCDEFDAC28378D96006FB771 /* iampoor */,
				CCDEFDC228378D97006FB771 /* iampoorTests */,
				CCDEFDCC28378D97006FB771 /* iampoorUITests */,
			);
		};
/* End PBXProject section */

/* Begin PBXResourcesBuildPhase section */
		CCDEFDAB28378D96006FB771 /* Resources */ = {
			isa = PBXResourcesBuildPhase;
			buildActionMask = 2147483647;
			files = (
				CCDEFDBD28378D97006FB771 /* LaunchScreen.storyboard in Resources */,
				CCDEFDBA28378D97006FB771 /* Assets.xcassets in Resources */,
				CCDEFDB828378D96006FB771 /* Main.storyboard in Resources */,
			);
			runOnlyForDeploymentPostprocessing = 0;
		};
		CCDEFDC128378D97006FB771 /* Resources */ = {
			isa = PBXResourcesBuildPhase;
			buildActionMask = 2147483647;
			files = (
			);
			runOnlyForDeploymentPostprocessing = 0;
		};
		CCDEFDCB28378D97006FB771 /* Resources */ = {
			isa = PBXResourcesBuildPhase;
			buildActionMask = 2147483647;
			files = (
			);
			runOnlyForDeploymentPostprocessing = 0;
		};
/* End PBXResourcesBuildPhase section */

/* Begin PBXSourcesBuildPhase section */
		CCDEFDA928378D96006FB771 /* Sources */ = {
			isa = PBXSourcesBuildPhase;
			buildActionMask = 2147483647;
			files = (
				CCDEFDB528378D96006FB771 /* ViewController.swift in Sources */,
				CCDEFDB128378D96006FB771 /* AppDelegate.swift in Sources */,
				CCDEFDB328378D96006FB771 /* SceneDelegate.swift in Sources */,
			);
			runOnlyForDeploymentPostprocessing = 0;
		};
		CCDEFDBF28378D97006FB771 /* Sources */ = {
			isa = PBXSourcesBuildPhase;
			buildActionMask = 2147483647;
			files = (
				CCDEFDC828378D97006FB771 /* iampoorTests.swift in Sources */,
			);
			runOnlyForDeploymentPostprocessing = 0;
		};
		CCDEFDC928378D97006FB771 /* Sources */ = {
			isa = PBXSourcesBuildPhase;
			buildActionMask = 2147483647;
			files = (
				CCDEFDD428378D97006FB771 /* iampoorUITestsLaunchTests.swift in Sources */,
				CCDEFDD228378D97006FB771 /* iampoorUITests.swift in Sources */,
			);
			runOnlyForDeploymentPostprocessing = 0;
		};
/* End PBXSourcesBuildPhase section */

/* Begin PBXTargetDependency section */
		CCDEFDC528378D97006FB771 /* PBXTargetDependency */ = {
			isa = PBXTargetDependency;
			target = CCDEFDAC28378D96006FB771 /* iampoor */;
			targetProxy = CCDEFDC428378D97006FB771 /* PBXContainerItemProxy */;
		};
		CCDEFDCF28378D97006FB771 /* PBXTargetDependency */ = {
			isa = PBXTargetDependency;
			target = CCDEFDAC28378D96006FB771 /* iampoor */;
			targetProxy = CCDEFDCE28378D97006FB771 /* PBXContainerItemProxy */;
		};
/* End PBXTargetDependency section */

/* Begin PBXVariantGroup section */
		CCDEFDB628378D96006FB771 /* Main.storyboard */ = {
			isa = PBXVariantGroup;
			children = (
				CCDEFDB728378D96006FB771 /* Base */,
			);
			name = Main.storyboard;
			sourceTree = "<group>";
		};
		CCDEFDBB28378D97006FB771 /* LaunchScreen.storyboard */ = {
			isa = PBXVariantGroup;
			children = (
				CCDEFDBC28378D97006FB771 /* Base */,
			);
			name = LaunchScreen.storyboard;
			sourceTree = "<group>";
		};
/* End PBXVariantGroup section */

/* Begin XCBuildConfiguration section */
		CCDEFDD528378D97006FB771 /* Debug */ = {
			isa = XCBuildConfiguration;
			buildSettings = {
				ALWAYS_SEARCH_USER_PATHS = NO;
				CLANG_ANALYZER_NONNULL = YES;
				CLANG_ANALYZER_NUMBER_OBJECT_CONVERSION = YES_AGGRESSIVE;
				CLANG_CXX_LANGUAGE_STANDARD = "gnu++17";
				CLANG_ENABLE_MODULES = YES;
				CLANG_ENABLE_OBJC_ARC = YES;
				CLANG_ENABLE_OBJC_WEAK = YES;
				CLANG_WARN_BLOCK_CAPTURE_AUTORELEASING = YES;
				CLANG_WARN_BOOL_CONVERSION = YES;
				CLANG_WARN_COMMA = YES;
				CLANG_WARN_CONSTANT_CONVERSION = YES;
				CLANG_WARN_DEPRECATED_OBJC_IMPLEMENTATIONS = YES;
				CLANG_WARN_DIRECT_OBJC_ISA_USAGE = YES_ERROR;
				CLANG_WARN_DOCUMENTATION_COMMENTS = YES;
				CLANG_WARN_EMPTY_BODY = YES;
				CLANG_WARN_ENUM_CONVERSION = YES;
				CLANG_WARN_INFINITE_RECURSION = YES;
				CLANG_WARN_INT_CONVERSION = YES;
				CLANG_WARN_NON_LITERAL_NULL_CONVERSION = YES;
				CLANG_WARN_OBJC_IMPLICIT_RETAIN_SELF = YES;
				CLANG_WARN_OBJC_LITERAL_CONVERSION = YES;
				CLANG_WARN_OBJC_ROOT_CLASS = YES_ERROR;
				CLANG_WARN_QUOTED_INCLUDE_IN_FRAMEWORK_HEADER = YES;
				CLANG_WARN_RANGE_LOOP_ANALYSIS = YES;
				CLANG_WARN_STRICT_PROTOTYPES = YES;
				CLANG_WARN_SUSPICIOUS_MOVE = YES;
				CLANG_WARN_UNGUARDED_AVAILABILITY = YES_AGGRESSIVE;
				CLANG_WARN_UNREACHABLE_CODE = YES;
				CLANG_WARN__DUPLICATE_METHOD_MATCH = YES;
				COPY_PHASE_STRIP = NO;
				DEBUG_INFORMATION_FORMAT = dwarf;
				ENABLE_STRICT_OBJC_MSGSEND = YES;
				ENABLE_TESTABILITY = YES;
				GCC_C_LANGUAGE_STANDARD = gnu11;
				GCC_DYNAMIC_NO_PIC = NO;
				GCC_NO_COMMON_BLOCKS = YES;
				GCC_OPTIMIZATION_LEVEL = 0;
				GCC_PREPROCESSOR_DEFINITIONS = (
					"DEBUG=1",
					"$(inherited)",
				);
				GCC_WARN_64_TO_32_BIT_CONVERSION = YES;
				GCC_WARN_ABOUT_RETURN_TYPE = YES_ERROR;
				GCC_WARN_UNDECLARED_SELECTOR = YES;
				GCC_WARN_UNINITIALIZED_AUTOS = YES_AGGRESSIVE;
				GCC_WARN_UNUSED_FUNCTION = YES;
				GCC_WARN_UNUSED_VARIABLE = YES;
				IPHONEOS_DEPLOYMENT_TARGET = 15.5;
				MTL_ENABLE_DEBUG_INFO = INCLUDE_SOURCE;
				MTL_FAST_MATH = YES;
				ONLY_ACTIVE_ARCH = YES;
				SDKROOT = iphoneos;
				SWIFT_ACTIVE_COMPILATION_CONDITIONS = DEBUG;
				SWIFT_OPTIMIZATION_LEVEL = "-Onone";
			};
			name = Debug;
		};
		CCDEFDD628378D97006FB771 /* Release */ = {
			isa = XCBuildConfiguration;
			buildSettings = {
				ALWAYS_SEARCH_USER_PATHS = NO;
				CLANG_ANALYZER_NONNULL = YES;
				CLANG_ANALYZER_NUMBER_OBJECT_CONVERSION = YES_AGGRESSIVE;
				CLANG_CXX_LANGUAGE_STANDARD = "gnu++17";
				CLANG_ENABLE_MODULES = YES;
				CLANG_ENABLE_OBJC_ARC = YES;
				CLANG_ENABLE_OBJC_WEAK = YES;
				CLANG_WARN_BLOCK_CAPTURE_AUTORELEASING = YES;
				CLANG_WARN_BOOL_CONVERSION = YES;
				CLANG_WARN_COMMA = YES;
				CLANG_WARN_CONSTANT_CONVERSION = YES;
				CLANG_WARN_DEPRECATED_OBJC_IMPLEMENTATIONS = YES;
				CLANG_WARN_DIRECT_OBJC_ISA_USAGE = YES_ERROR;
				CLANG_WARN_DOCUMENTATION_COMMENTS = YES;
				CLANG_WARN_EMPTY_BODY = YES;
				CLANG_WARN_ENUM_CONVERSION = YES;
				CLANG_WARN_INFINITE_RECURSION = YES;
				CLANG_WARN_INT_CONVERSION = YES;
				CLANG_WARN_NON_LITERAL_NULL_CONVERSION = YES;
				CLANG_WARN_OBJC_IMPLICIT_RETAIN_SELF = YES;
				CLANG_WARN_OBJC_LITERAL_CONVERSION = YES;
				CLANG_WARN_OBJC_ROOT_CLASS = YES_ERROR;
				CLANG_WARN_QUOTED_INCLUDE_IN_FRAMEWORK_HEADER = YES;
				CLANG_WARN_RANGE_LOOP_ANALYSIS = YES;
				CLANG_WARN_STRICT_PROTOTYPES = YES;
				CLANG_WARN_SUSPICIOUS_MOVE = YES;
				CLANG_WARN_UNGUARDED_AVAILABILITY = YES_AGGRESSIVE;
				CLANG_WARN_UNREACHABLE_CODE = YES;
				CLANG_WARN__DUPLICATE_METHOD_MATCH = YES;
				COPY_PHASE_STRIP = NO;
				DEBUG_INFORMATION_FORMAT = "dwarf-with-dsym";
				ENABLE_NS_ASSERTIONS = NO;
				ENABLE_STRICT_OBJC_MSGSEND = YES;
				GCC_C_LANGUAGE_STANDARD = gnu11;
				GCC_NO_COMMON_BLOCKS = YES;
				GCC_WARN_64_TO_32_BIT_CONVERSION = YES;
				GCC_WARN_ABOUT_RETURN_TYPE = YES_ERROR;
				GCC_WARN_UNDECLARED_SELECTOR = YES;
				GCC_WARN_UNINITIALIZED_AUTOS = YES_AGGRESSIVE;
				GCC_WARN_UNUSED_FUNCTION = YES;
				GCC_WARN_UNUSED_VARIABLE = YES;
				IPHONEOS_DEPLOYMENT_TARGET = 15.5;
				MTL_ENABLE_DEBUG_INFO = NO;
				MTL_FAST_MATH = YES;
				SDKROOT = iphoneos;
				SWIFT_COMPILATION_MODE = wholemodule;
				SWIFT_OPTIMIZATION_LEVEL = "-O";
				VALIDATE_PRODUCT = YES;
			};
			name = Release;
		};
		CCDEFDD828378D97006FB771 /* Debug */ = {
			isa = XCBuildConfiguration;
			buildSettings = {
				ASSETCATALOG_COMPILER_APPICON_NAME = AppIcon;
				ASSETCATALOG_COMPILER_GLOBAL_ACCENT_COLOR_NAME = AccentColor;
				CODE_SIGN_STYLE = Automatic;
				CURRENT_PROJECT_VERSION = 1;
				DEVELOPMENT_TEAM = 5WQ3NJ4D7R;
				GENERATE_INFOPLIST_FILE = YES;
				INFOPLIST_FILE = iampoor/Info.plist;
				INFOPLIST_KEY_UIApplicationSupportsIndirectInputEvents = YES;
				INFOPLIST_KEY_UILaunchStoryboardName = LaunchScreen;
				INFOPLIST_KEY_UIMainStoryboardFile = Main;
				INFOPLIST_KEY_UISupportedInterfaceOrientations_iPad = "UIInterfaceOrientationPortrait UIInterfaceOrientationPortraitUpsideDown UIInterfaceOrientationLandscapeLeft UIInterfaceOrientationLandscapeRight";
				INFOPLIST_KEY_UISupportedInterfaceOrientations_iPhone = "UIInterfaceOrientationPortrait UIInterfaceOrientationLandscapeLeft UIInterfaceOrientationLandscapeRight";
				LD_RUNPATH_SEARCH_PATHS = (
					"$(inherited)",
					"@executable_path/Frameworks",
				);
				MARKETING_VERSION = 1.0;
				PRODUCT_BUNDLE_IDENTIFIER = tta.iampoor;
				PRODUCT_NAME = "$(TARGET_NAME)";
				SWIFT_EMIT_LOC_STRINGS = YES;
				SWIFT_VERSION = 5.0;
				TARGETED_DEVICE_FAMILY = "1,2";
			};
			name = Debug;
		};
		CCDEFDD928378D97006FB771 /* Release */ = {
			isa = XCBuildConfiguration;
			buildSettings = {
				ASSETCATALOG_COMPILER_APPICON_NAME = AppIcon;
				ASSETCATALOG_COMPILER_GLOBAL_ACCENT_COLOR_NAME = AccentColor;
				CODE_SIGN_STYLE = Automatic;
				CURRENT_PROJECT_VERSION = 1;
				DEVELOPMENT_TEAM = 5WQ3NJ4D7R;
				GENERATE_INFOPLIST_FILE = YES;
				INFOPLIST_FILE = iampoor/Info.plist;
				INFOPLIST_KEY_UIApplicationSupportsIndirectInputEvents = YES;
				INFOPLIST_KEY_UILaunchStoryboardName = LaunchScreen;
				INFOPLIST_KEY_UIMainStoryboardFile = Main;
				INFOPLIST_KEY_UISupportedInterfaceOrientations_iPad = "UIInterfaceOrientationPortrait UIInterfaceOrientationPortraitUpsideDown UIInterfaceOrientationLandscapeLeft UIInterfaceOrientationLandscapeRight";
				INFOPLIST_KEY_UISupportedInterfaceOrientations_iPhone = "UIInterfaceOrientationPortrait UIInterfaceOrientationLandscapeLeft UIInterfaceOrientationLandscapeRight";
				LD_RUNPATH_SEARCH_PATHS = (
					"$(inherited)",
					"@executable_path/Frameworks",
				);
				MARKETING_VERSION = 1.0;
				PRODUCT_BUNDLE_IDENTIFIER = tta.iampoor;
				PRODUCT_NAME = "$(TARGET_NAME)";
				SWIFT_EMIT_LOC_STRINGS = YES;
				SWIFT_VERSION = 5.0;
				TARGETED_DEVICE_FAMILY = "1,2";
			};
			name = Release;
		};
		CCDEFDDB28378D97006FB771 /* Debug */ = {
			isa = XCBuildConfiguration;
			buildSettings = {
				ALWAYS_EMBED_SWIFT_STANDARD_LIBRARIES = YES;
				BUNDLE_LOADER = "$(TEST_HOST)";
				CODE_SIGN_STYLE = Automatic;
				CURRENT_PROJECT_VERSION = 1;
				DEVELOPMENT_TEAM = 5WQ3NJ4D7R;
				GENERATE_INFOPLIST_FILE = YES;
				IPHONEOS_DEPLOYMENT_TARGET = 15.5;
				MARKETING_VERSION = 1.0;
				PRODUCT_BUNDLE_IDENTIFIER = tta.iampoorTests;
				PRODUCT_NAME = "$(TARGET_NAME)";
				SWIFT_EMIT_LOC_STRINGS = NO;
				SWIFT_VERSION = 5.0;
				TARGETED_DEVICE_FAMILY = "1,2";
				TEST_HOST = "$(BUILT_PRODUCTS_DIR)/iampoor.app/iampoor";
			};
			name = Debug;
		};
		CCDEFDDC28378D97006FB771 /* Release */ = {
			isa = XCBuildConfiguration;
			buildSettings = {
				ALWAYS_EMBED_SWIFT_STANDARD_LIBRARIES = YES;
				BUNDLE_LOADER = "$(TEST_HOST)";
				CODE_SIGN_STYLE = Automatic;
				CURRENT_PROJECT_VERSION = 1;
				DEVELOPMENT_TEAM = 5WQ3NJ4D7R;
				GENERATE_INFOPLIST_FILE = YES;
				IPHONEOS_DEPLOYMENT_TARGET = 15.5;
				MARKETING_VERSION = 1.0;
				PRODUCT_BUNDLE_IDENTIFIER = tta.iampoorTests;
				PRODUCT_NAME = "$(TARGET_NAME)";
				SWIFT_EMIT_LOC_STRINGS = NO;
				SWIFT_VERSION = 5.0;
				TARGETED_DEVICE_FAMILY = "1,2";
				TEST_HOST = "$(BUILT_PRODUCTS_DIR)/iampoor.app/iampoor";
			};
			name = Release;
		};
		CCDEFDDE28378D97006FB771 /* Debug */ = {
			isa = XCBuildConfiguration;
			buildSettings = {
				ALWAYS_EMBED_SWIFT_STANDARD_LIBRARIES = YES;
				CODE_SIGN_STYLE = Automatic;
				CURRENT_PROJECT_VERSION = 1;
				DEVELOPMENT_TEAM = 5WQ3NJ4D7R;
				GENERATE_INFOPLIST_FILE = YES;
				MARKETING_VERSION = 1.0;
				PRODUCT_BUNDLE_IDENTIFIER = tta.iampoorUITests;
				PRODUCT_NAME = "$(TARGET_NAME)";
				SWIFT_EMIT_LOC_STRINGS = NO;
				SWIFT_VERSION = 5.0;
				TARGETED_DEVICE_FAMILY = "1,2";
				TEST_TARGET_NAME = iampoor;
			};
			name = Debug;
		};
		CCDEFDDF28378D97006FB771 /* Release */ = {
			isa = XCBuildConfiguration;
			buildSettings = {
				ALWAYS_EMBED_SWIFT_STANDARD_LIBRARIES = YES;
				CODE_SIGN_STYLE = Automatic;
				CURRENT_PROJECT_VERSION = 1;
				DEVELOPMENT_TEAM = 5WQ3NJ4D7R;
				GENERATE_INFOPLIST_FILE = YES;
				MARKETING_VERSION = 1.0;
				PRODUCT_BUNDLE_IDENTIFIER = tta.iampoorUITests;
				PRODUCT_NAME = "$(TARGET_NAME)";
				SWIFT_EMIT_LOC_STRINGS = NO;
				SWIFT_VERSION = 5.0;
				TARGETED_DEVICE_FAMILY = "1,2";
				TEST_TARGET_NAME = iampoor;
			};
			name = Release;
		};
/* End XCBuildConfiguration section */

/* Begin XCConfigurationList section */
		CCDEFDA828378D96006FB771 /* Build configuration list for PBXProject "iampoor" */ = {
			isa = XCConfigurationList;
			buildConfigurations = (
				CCDEFDD528378D97006FB771 /* Debug */,
				CCDEFDD628378D97006FB771 /* Release */,
			);
			defaultConfigurationIsVisible = 0;
			defaultConfigurationName = Release;
		};
		CCDEFDD728378D97006FB771 /* Build configuration list for PBXNativeTarget "iampoor" */ = {
			isa = XCConfigurationList;
			buildConfigurations = (
				CCDEFDD828378D97006FB771 /* Debug */,
				CCDEFDD928378D97006FB771 /* Release */,
			);
			defaultConfigurationIsVisible = 0;
			defaultConfigurationName = Release;
		};
		CCDEFDDA28378D97006FB771 /* Build configuration list for PBXNativeTarget "iampoorTests" */ = {
			isa = XCConfigurationList;
			buildConfigurations = (
				CCDEFDDB28378D97006FB771 /* Debug */,
				CCDEFDDC28378D97006FB771 /* Release */,
			);
			defaultConfigurationIsVisible = 0;
			defaultConfigurationName = Release;
		};
		CCDEFDDD28378D97006FB771 /* Build configuration list for PBXNativeTarget "iampoorUITests" */ = {
			isa = XCConfigurationList;
			buildConfigurations = (
				CCDEFDDE28378D97006FB771 /* Debug */,
				CCDEFDDF28378D97006FB771 /* Release */,
			);
			defaultConfigurationIsVisible = 0;
			defaultConfigurationName = Release;
		};
/* End XCConfigurationList section */
	};
	rootObject = CCDEFDA528378D96006FB771 /* Project object */;
}
